
Microsoft Visual Studio Solution File, Format Version 12.00
# Visual Studio 2013
VisualStudioVersion = 12.0.0.0
MinimumVisualStudioVersion = 10.0.0.1
Project("{FAE04EC0-301F-11D3-BF4B-00C04F79EFBC}") = "EntityViewer", "EntityViewer.csproj", "{2B6790EF-A4C4-4E49-A6B6-B6339A10CEBD}"
EndProject
Project("{FAE04EC0-301F-11D3-BF4B-00C04F79EFBC}") = "EntityViewer.Tests", "EntityViewer.Tests\EntityViewer.Tests.csproj", "{8699E52C-8EDD-495F-B608-10B07FE27D88}"
EndProject
Global
	GlobalSection(SolutionConfigurationPlatforms) = preSolution
		Debug|Any CPU = Debug|Any CPU
		Release|Any CPU = Release|Any CPU
	EndGlobalSection
	GlobalSection(ProjectConfigurationPlatforms) = postSolution
		{2B6790EF-A4C4-4E49-A6B6-B6339A10CEBD}.Debug|Any CPU.ActiveCfg = Debug|Any CPU
		{2B6790EF-A4C4-4E49-A6B6-B6339A10CEBD}.Debug|Any CPU.Build.0 = Debug|Any CPU
		{2B6790EF-A4C4-4E49-A6B6-B6339A10CEBD}.Release|Any CPU.ActiveCfg = Release|Any CPU
		{2B6790EF-A4C4-4E49-A6B6-B6339A10CEBD}.Release|Any CPU.Build.0 = Release|Any CPU
		{8699E52C-8EDD-495F-B608-10B07FE27D88}.Debug|Any CPU.ActiveCfg = Debug|Any CPU
		{8699E52C-8EDD-495F-B608-10B07FE27D88}.Debug|Any CPU.Build.0 = Debug|Any CPU
		{8699E52C-8EDD-495F-B608-10B07FE27D88}.Release|Any CPU.ActiveCfg = Release|Any CPU
		{8699E52C-8EDD-495F-B608-10B07FE27D88}.Release|Any CPU.Build.0 = Release|Any CPU
	EndGlobalSection
	GlobalSection(SolutionProperties) = preSolution
		HideSolutionNode = FALSE
	EndGlobalSection
EndGlobal
